// !$*UTF8*$!
{
	archiveVersion = 1;
	classes = {
	};
	objectVersion = 56;
	objects = {

/* Begin PBXBuildFile section */
		6C44A2C02A36BE7200422BF7 /* Filters.swift in Sources */ = {isa = PBXBuildFile; fileRef = 6C44A2BF2A36BE7200422BF7 /* Filters.swift */; };
		6C6081DC2A36558100664DA7 /* Extensions.swift in Sources */ = {isa = PBXBuildFile; fileRef = 6C6081DB2A36558100664DA7 /* Extensions.swift */; };
		6C6081DE2A366E7A00664DA7 /* CheckToggleStyle.swift in Sources */ = {isa = PBXBuildFile; fileRef = 6C6081DD2A366E7A00664DA7 /* CheckToggleStyle.swift */; };
		6C6081E02A36705200664DA7 /* TaskCell.swift in Sources */ = {isa = PBXBuildFile; fileRef = 6C6081DF2A36705200664DA7 /* TaskCell.swift */; };
		6C6081E22A36758A00664DA7 /* AddTaskView.swift in Sources */ = {isa = PBXBuildFile; fileRef = 6C6081E12A36758A00664DA7 /* AddTaskView.swift */; };
		6C6081E42A367CF500664DA7 /* AddProjectView.swift in Sources */ = {isa = PBXBuildFile; fileRef = 6C6081E32A367CF500664DA7 /* AddProjectView.swift */; };
		6C73EA2E2A34E68500AABFF9 /* TODO.md in Resources */ = {isa = PBXBuildFile; fileRef = 6C73EA2D2A34E68500AABFF9 /* TODO.md */; };
		6C73EA312A34E68500AABFF9 /* .gitignore in Resources */ = {isa = PBXBuildFile; fileRef = 6C73EA302A34E68500AABFF9 /* .gitignore */; };
		6C73EA332A34E68500AABFF9 /* PrivateKeys.swift in Sources */ = {isa = PBXBuildFile; fileRef = 6C73EA322A34E68500AABFF9 /* PrivateKeys.swift */; };
		6C73EA3E2A34E68500AABFF9 /* PARADoApp.swift in Sources */ = {isa = PBXBuildFile; fileRef = 6C73EA3D2A34E68500AABFF9 /* PARADoApp.swift */; };
		6C73EA402A34E68500AABFF9 /* ContentView.swift in Sources */ = {isa = PBXBuildFile; fileRef = 6C73EA3F2A34E68500AABFF9 /* ContentView.swift */; };
		6C73EA422A34E68600AABFF9 /* Assets.xcassets in Resources */ = {isa = PBXBuildFile; fileRef = 6C73EA412A34E68600AABFF9 /* Assets.xcassets */; };
		6C73EA452A34E68600AABFF9 /* Preview Assets.xcassets in Resources */ = {isa = PBXBuildFile; fileRef = 6C73EA442A34E68600AABFF9 /* Preview Assets.xcassets */; };
		6C73EA4C2A34E78B00AABFF9 /* Project.swift in Sources */ = {isa = PBXBuildFile; fileRef = 6C73EA4B2A34E78B00AABFF9 /* Project.swift */; };
		6C73EA4E2A34E88000AABFF9 /* Task.swift in Sources */ = {isa = PBXBuildFile; fileRef = 6C73EA4D2A34E88000AABFF9 /* Task.swift */; };
		6C73EA502A34ECC600AABFF9 /* ProjectListView.swift in Sources */ = {isa = PBXBuildFile; fileRef = 6C73EA4F2A34ECC600AABFF9 /* ProjectListView.swift */; };
		6C73EA522A36232D00AABFF9 /* TaskListView.swift in Sources */ = {isa = PBXBuildFile; fileRef = 6C73EA512A36232D00AABFF9 /* TaskListView.swift */; };
/* End PBXBuildFile section */

/* Begin PBXFileReference section */
		6C44A2BF2A36BE7200422BF7 /* Filters.swift */ = {isa = PBXFileReference; lastKnownFileType = sourcecode.swift; path = Filters.swift; sourceTree = "<group>"; };
		6C6081DB2A36558100664DA7 /* Extensions.swift */ = {isa = PBXFileReference; lastKnownFileType = sourcecode.swift; path = Extensions.swift; sourceTree = "<group>"; };
		6C6081DD2A366E7A00664DA7 /* CheckToggleStyle.swift */ = {isa = PBXFileReference; lastKnownFileType = sourcecode.swift; path = CheckToggleStyle.swift; sourceTree = "<group>"; };
		6C6081DF2A36705200664DA7 /* TaskCell.swift */ = {isa = PBXFileReference; lastKnownFileType = sourcecode.swift; path = TaskCell.swift; sourceTree = "<group>"; };
		6C6081E12A36758A00664DA7 /* AddTaskView.swift */ = {isa = PBXFileReference; lastKnownFileType = sourcecode.swift; path = AddTaskView.swift; sourceTree = "<group>"; };
		6C6081E32A367CF500664DA7 /* AddProjectView.swift */ = {isa = PBXFileReference; lastKnownFileType = sourcecode.swift; path = AddProjectView.swift; sourceTree = "<group>"; };
		6C73EA2A2A34E68500AABFF9 /* PARADo.app */ = {isa = PBXFileReference; explicitFileType = wrapper.application; includeInIndex = 0; path = PARADo.app; sourceTree = BUILT_PRODUCTS_DIR; };
		6C73EA2D2A34E68500AABFF9 /* TODO.md */ = {isa = PBXFileReference; lastKnownFileType = net.daringfireball.markdown; path = TODO.md; sourceTree = "<group>"; };
		6C73EA302A34E68500AABFF9 /* .gitignore */ = {isa = PBXFileReference; lastKnownFileType = text; path = .gitignore; sourceTree = "<group>"; };
		6C73EA322A34E68500AABFF9 /* PrivateKeys.swift */ = {isa = PBXFileReference; lastKnownFileType = sourcecode.swift; path = PrivateKeys.swift; sourceTree = "<group>"; };
		6C73EA3D2A34E68500AABFF9 /* PARADoApp.swift */ = {isa = PBXFileReference; lastKnownFileType = sourcecode.swift; path = PARADoApp.swift; sourceTree = "<group>"; };
		6C73EA3F2A34E68500AABFF9 /* ContentView.swift */ = {isa = PBXFileReference; lastKnownFileType = sourcecode.swift; path = ContentView.swift; sourceTree = "<group>"; };
		6C73EA412A34E68600AABFF9 /* Assets.xcassets */ = {isa = PBXFileReference; lastKnownFileType = folder.assetcatalog; path = Assets.xcassets; sourceTree = "<group>"; };
		6C73EA442A34E68600AABFF9 /* Preview Assets.xcassets */ = {isa = PBXFileReference; lastKnownFileType = folder.assetcatalog; path = "Preview Assets.xcassets"; sourceTree = "<group>"; };
		6C73EA4B2A34E78B00AABFF9 /* Project.swift */ = {isa = PBXFileReference; lastKnownFileType = sourcecode.swift; path = Project.swift; sourceTree = "<group>"; };
		6C73EA4D2A34E88000AABFF9 /* Task.swift */ = {isa = PBXFileReference; lastKnownFileType = sourcecode.swift; path = Task.swift; sourceTree = "<group>"; };
		6C73EA4F2A34ECC600AABFF9 /* ProjectListView.swift */ = {isa = PBXFileReference; lastKnownFileType = sourcecode.swift; path = ProjectListView.swift; sourceTree = "<group>"; };
		6C73EA512A36232D00AABFF9 /* TaskListView.swift */ = {isa = PBXFileReference; lastKnownFileType = sourcecode.swift; path = TaskListView.swift; sourceTree = "<group>"; };
/* End PBXFileReference section */

/* Begin PBXFrameworksBuildPhase section */
		6C73EA272A34E68500AABFF9 /* Frameworks */ = {
			isa = PBXFrameworksBuildPhase;
			buildActionMask = 2147483647;
			files = (
			);
			runOnlyForDeploymentPostprocessing = 0;
		};
/* End PBXFrameworksBuildPhase section */

/* Begin PBXGroup section */
		6C73EA212A34E68500AABFF9 = {
			isa = PBXGroup;
			children = (
				6C73EA2C2A34E68500AABFF9 /* PARADo */,
				6C73EA2B2A34E68500AABFF9 /* Products */,
			);
			sourceTree = "<group>";
		};
		6C73EA2B2A34E68500AABFF9 /* Products */ = {
			isa = PBXGroup;
			children = (
				6C73EA2A2A34E68500AABFF9 /* PARADo.app */,
			);
			name = Products;
			sourceTree = "<group>";
		};
		6C73EA2C2A34E68500AABFF9 /* PARADo */ = {
			isa = PBXGroup;
			children = (
				6C73EA2D2A34E68500AABFF9 /* TODO.md */,
				6C73EA3D2A34E68500AABFF9 /* PARADoApp.swift */,
				6C44A2BF2A36BE7200422BF7 /* Filters.swift */,
				6C73EA3F2A34E68500AABFF9 /* ContentView.swift */,
				6C73EA412A34E68600AABFF9 /* Assets.xcassets */,
				6C73EA2F2A34E68500AABFF9 /* Private */,
				6C73EA342A34E68500AABFF9 /* Models */,
				6C73EA372A34E68500AABFF9 /* ViewModels */,
				6C73EA3A2A34E68500AABFF9 /* Views */,
				6C73EA432A34E68600AABFF9 /* Preview Content */,
			);
			path = PARADo;
			sourceTree = "<group>";
		};
		6C73EA2F2A34E68500AABFF9 /* Private */ = {
			isa = PBXGroup;
			children = (
				6C73EA302A34E68500AABFF9 /* .gitignore */,
				6C73EA322A34E68500AABFF9 /* PrivateKeys.swift */,
			);
			path = Private;
			sourceTree = "<group>";
		};
		6C73EA342A34E68500AABFF9 /* Models */ = {
			isa = PBXGroup;
			children = (
				6C6081DB2A36558100664DA7 /* Extensions.swift */,
				6C73EA4D2A34E88000AABFF9 /* Task.swift */,
				6C73EA4B2A34E78B00AABFF9 /* Project.swift */,
			);
			path = Models;
			sourceTree = "<group>";
		};
		6C73EA372A34E68500AABFF9 /* ViewModels */ = {
			isa = PBXGroup;
			children = (
			);
			path = ViewModels;
			sourceTree = "<group>";
		};
		6C73EA3A2A34E68500AABFF9 /* Views */ = {
			isa = PBXGroup;
			children = (
				6C6081DF2A36705200664DA7 /* TaskCell.swift */,
				6C73EA512A36232D00AABFF9 /* TaskListView.swift */,
				6C73EA4F2A34ECC600AABFF9 /* ProjectListView.swift */,
				6C6081E32A367CF500664DA7 /* AddProjectView.swift */,
				6C6081E12A36758A00664DA7 /* AddTaskView.swift */,
				6C6081DD2A366E7A00664DA7 /* CheckToggleStyle.swift */,
			);
			path = Views;
			sourceTree = "<group>";
		};
		6C73EA432A34E68600AABFF9 /* Preview Content */ = {
			isa = PBXGroup;
			children = (
				6C73EA442A34E68600AABFF9 /* Preview Assets.xcassets */,
			);
			path = "Preview Content";
			sourceTree = "<group>";
		};
/* End PBXGroup section */

/* Begin PBXNativeTarget section */
		6C73EA292A34E68500AABFF9 /* PARADo */ = {
			isa = PBXNativeTarget;
			buildConfigurationList = 6C73EA482A34E68600AABFF9 /* Build configuration list for PBXNativeTarget "PARADo" */;
			buildPhases = (
				6C73EA262A34E68500AABFF9 /* Sources */,
				6C73EA272A34E68500AABFF9 /* Frameworks */,
				6C73EA282A34E68500AABFF9 /* Resources */,
			);
			buildRules = (
			);
			dependencies = (
			);
			name = PARADo;
			productName = PARADo;
			productReference = 6C73EA2A2A34E68500AABFF9 /* PARADo.app */;
			productType = "com.apple.product-type.application";
		};
/* End PBXNativeTarget section */

/* Begin PBXProject section */
		6C73EA222A34E68500AABFF9 /* Project object */ = {
			isa = PBXProject;
			attributes = {
				BuildIndependentTargetsInParallel = 1;
				LastSwiftUpdateCheck = 1500;
				LastUpgradeCheck = 1500;
				TargetAttributes = {
					6C73EA292A34E68500AABFF9 = {
						CreatedOnToolsVersion = 15.0;
					};
				};
			};
			buildConfigurationList = 6C73EA252A34E68500AABFF9 /* Build configuration list for PBXProject "PARADo" */;
			compatibilityVersion = "Xcode 14.0";
			developmentRegion = en;
			hasScannedForEncodings = 0;
			knownRegions = (
				en,
				Base,
			);
			mainGroup = 6C73EA212A34E68500AABFF9;
			productRefGroup = 6C73EA2B2A34E68500AABFF9 /* Products */;
			projectDirPath = "";
			projectRoot = "";
			targets = (
				6C73EA292A34E68500AABFF9 /* PARADo */,
			);
		};
/* End PBXProject section */

/* Begin PBXResourcesBuildPhase section */
		6C73EA282A34E68500AABFF9 /* Resources */ = {
			isa = PBXResourcesBuildPhase;
			buildActionMask = 2147483647;
			files = (
				6C73EA452A34E68600AABFF9 /* Preview Assets.xcassets in Resources */,
				6C73EA312A34E68500AABFF9 /* .gitignore in Resources */,
				6C73EA422A34E68600AABFF9 /* Assets.xcassets in Resources */,
				6C73EA2E2A34E68500AABFF9 /* TODO.md in Resources */,
			);
			runOnlyForDeploymentPostprocessing = 0;
		};
/* End PBXResourcesBuildPhase section */

/* Begin PBXSourcesBuildPhase section */
		6C73EA262A34E68500AABFF9 /* Sources */ = {
			isa = PBXSourcesBuildPhase;
			buildActionMask = 2147483647;
			files = (
				6C6081E22A36758A00664DA7 /* AddTaskView.swift in Sources */,
				6C73EA4E2A34E88000AABFF9 /* Task.swift in Sources */,
				6C73EA502A34ECC600AABFF9 /* ProjectListView.swift in Sources */,
				6C73EA402A34E68500AABFF9 /* ContentView.swift in Sources */,
				6C73EA3E2A34E68500AABFF9 /* PARADoApp.swift in Sources */,
				6C44A2C02A36BE7200422BF7 /* Filters.swift in Sources */,
				6C6081E02A36705200664DA7 /* TaskCell.swift in Sources */,
				6C6081E42A367CF500664DA7 /* AddProjectView.swift in Sources */,
				6C73EA522A36232D00AABFF9 /* TaskListView.swift in Sources */,
				6C73EA4C2A34E78B00AABFF9 /* Project.swift in Sources */,
				6C6081DC2A36558100664DA7 /* Extensions.swift in Sources */,
				6C6081DE2A366E7A00664DA7 /* CheckToggleStyle.swift in Sources */,
				6C73EA332A34E68500AABFF9 /* PrivateKeys.swift in Sources */,
			);
			runOnlyForDeploymentPostprocessing = 0;
		};
/* End PBXSourcesBuildPhase section */

/* Begin XCBuildConfiguration section */
		6C73EA462A34E68600AABFF9 /* Debug */ = {
			isa = XCBuildConfiguration;
			buildSettings = {
				ALWAYS_SEARCH_USER_PATHS = NO;
				ASSETCATALOG_COMPILER_GENERATE_SWIFT_ASSET_SYMBOL_EXTENSIONS = YES;
				CLANG_ANALYZER_NONNULL = YES;
				CLANG_ANALYZER_NUMBER_OBJECT_CONVERSION = YES_AGGRESSIVE;
				CLANG_CXX_LANGUAGE_STANDARD = "gnu++20";
				CLANG_ENABLE_MODULES = YES;
				CLANG_ENABLE_OBJC_ARC = YES;
				CLANG_ENABLE_OBJC_WEAK = YES;
				CLANG_WARN_BLOCK_CAPTURE_AUTORELEASING = YES;
				CLANG_WARN_BOOL_CONVERSION = YES;
				CLANG_WARN_COMMA = YES;
				CLANG_WARN_CONSTANT_CONVERSION = YES;
				CLANG_WARN_DEPRECATED_OBJC_IMPLEMENTATIONS = YES;
				CLANG_WARN_DIRECT_OBJC_ISA_USAGE = YES_ERROR;
				CLANG_WARN_DOCUMENTATION_COMMENTS = YES;
				CLANG_WARN_EMPTY_BODY = YES;
				CLANG_WARN_ENUM_CONVERSION = YES;
				CLANG_WARN_INFINITE_RECURSION = YES;
				CLANG_WARN_INT_CONVERSION = YES;
				CLANG_WARN_NON_LITERAL_NULL_CONVERSION = YES;
				CLANG_WARN_OBJC_IMPLICIT_RETAIN_SELF = YES;
				CLANG_WARN_OBJC_LITERAL_CONVERSION = YES;
				CLANG_WARN_OBJC_ROOT_CLASS = YES_ERROR;
				CLANG_WARN_QUOTED_INCLUDE_IN_FRAMEWORK_HEADER = YES;
				CLANG_WARN_RANGE_LOOP_ANALYSIS = YES;
				CLANG_WARN_STRICT_PROTOTYPES = YES;
				CLANG_WARN_SUSPICIOUS_MOVE = YES;
				CLANG_WARN_UNGUARDED_AVAILABILITY = YES_AGGRESSIVE;
				CLANG_WARN_UNREACHABLE_CODE = YES;
				CLANG_WARN__DUPLICATE_METHOD_MATCH = YES;
				COPY_PHASE_STRIP = NO;
				DEBUG_INFORMATION_FORMAT = dwarf;
				ENABLE_STRICT_OBJC_MSGSEND = YES;
				ENABLE_TESTABILITY = YES;
				ENABLE_USER_SCRIPT_SANDBOXING = YES;
				GCC_C_LANGUAGE_STANDARD = gnu17;
				GCC_DYNAMIC_NO_PIC = NO;
				GCC_NO_COMMON_BLOCKS = YES;
				GCC_OPTIMIZATION_LEVEL = 0;
				GCC_PREPROCESSOR_DEFINITIONS = (
					"DEBUG=1",
					"$(inherited)",
				);
				GCC_WARN_64_TO_32_BIT_CONVERSION = YES;
				GCC_WARN_ABOUT_RETURN_TYPE = YES_ERROR;
				GCC_WARN_UNDECLARED_SELECTOR = YES;
				GCC_WARN_UNINITIALIZED_AUTOS = YES_AGGRESSIVE;
				GCC_WARN_UNUSED_FUNCTION = YES;
				GCC_WARN_UNUSED_VARIABLE = YES;
				IPHONEOS_DEPLOYMENT_TARGET = 17.0;
				LOCALIZATION_PREFERS_STRING_CATALOGS = YES;
				MTL_ENABLE_DEBUG_INFO = INCLUDE_SOURCE;
				MTL_FAST_MATH = YES;
				ONLY_ACTIVE_ARCH = YES;
				SDKROOT = iphoneos;
				SWIFT_ACTIVE_COMPILATION_CONDITIONS = "DEBUG $(inherited)";
				SWIFT_OPTIMIZATION_LEVEL = "-Onone";
			};
			name = Debug;
		};
		6C73EA472A34E68600AABFF9 /* Release */ = {
			isa = XCBuildConfiguration;
			buildSettings = {
				ALWAYS_SEARCH_USER_PATHS = NO;
				ASSETCATALOG_COMPILER_GENERATE_SWIFT_ASSET_SYMBOL_EXTENSIONS = YES;
				CLANG_ANALYZER_NONNULL = YES;
				CLANG_ANALYZER_NUMBER_OBJECT_CONVERSION = YES_AGGRESSIVE;
				CLANG_CXX_LANGUAGE_STANDARD = "gnu++20";
				CLANG_ENABLE_MODULES = YES;
				CLANG_ENABLE_OBJC_ARC = YES;
				CLANG_ENABLE_OBJC_WEAK = YES;
				CLANG_WARN_BLOCK_CAPTURE_AUTORELEASING = YES;
				CLANG_WARN_BOOL_CONVERSION = YES;
				CLANG_WARN_COMMA = YES;
				CLANG_WARN_CONSTANT_CONVERSION = YES;
				CLANG_WARN_DEPRECATED_OBJC_IMPLEMENTATIONS = YES;
				CLANG_WARN_DIRECT_OBJC_ISA_USAGE = YES_ERROR;
				CLANG_WARN_DOCUMENTATION_COMMENTS = YES;
				CLANG_WARN_EMPTY_BODY = YES;
				CLANG_WARN_ENUM_CONVERSION = YES;
				CLANG_WARN_INFINITE_RECURSION = YES;
				CLANG_WARN_INT_CONVERSION = YES;
				CLANG_WARN_NON_LITERAL_NULL_CONVERSION = YES;
				CLANG_WARN_OBJC_IMPLICIT_RETAIN_SELF = YES;
				CLANG_WARN_OBJC_LITERAL_CONVERSION = YES;
				CLANG_WARN_OBJC_ROOT_CLASS = YES_ERROR;
				CLANG_WARN_QUOTED_INCLUDE_IN_FRAMEWORK_HEADER = YES;
				CLANG_WARN_RANGE_LOOP_ANALYSIS = YES;
				CLANG_WARN_STRICT_PROTOTYPES = YES;
				CLANG_WARN_SUSPICIOUS_MOVE = YES;
				CLANG_WARN_UNGUARDED_AVAILABILITY = YES_AGGRESSIVE;
				CLANG_WARN_UNREACHABLE_CODE = YES;
				CLANG_WARN__DUPLICATE_METHOD_MATCH = YES;
				COPY_PHASE_STRIP = NO;
				DEBUG_INFORMATION_FORMAT = "dwarf-with-dsym";
				ENABLE_NS_ASSERTIONS = NO;
				ENABLE_STRICT_OBJC_MSGSEND = YES;
				ENABLE_USER_SCRIPT_SANDBOXING = YES;
				GCC_C_LANGUAGE_STANDARD = gnu17;
				GCC_NO_COMMON_BLOCKS = YES;
				GCC_WARN_64_TO_32_BIT_CONVERSION = YES;
				GCC_WARN_ABOUT_RETURN_TYPE = YES_ERROR;
				GCC_WARN_UNDECLARED_SELECTOR = YES;
				GCC_WARN_UNINITIALIZED_AUTOS = YES_AGGRESSIVE;
				GCC_WARN_UNUSED_FUNCTION = YES;
				GCC_WARN_UNUSED_VARIABLE = YES;
				IPHONEOS_DEPLOYMENT_TARGET = 17.0;
				LOCALIZATION_PREFERS_STRING_CATALOGS = YES;
				MTL_ENABLE_DEBUG_INFO = NO;
				MTL_FAST_MATH = YES;
				SDKROOT = iphoneos;
				SWIFT_COMPILATION_MODE = wholemodule;
				VALIDATE_PRODUCT = YES;
			};
			name = Release;
		};
		6C73EA492A34E68600AABFF9 /* Debug */ = {
			isa = XCBuildConfiguration;
			buildSettings = {
				ASSETCATALOG_COMPILER_APPICON_NAME = AppIcon;
				ASSETCATALOG_COMPILER_GLOBAL_ACCENT_COLOR_NAME = AccentColor;
				CODE_SIGN_STYLE = Automatic;
				CURRENT_PROJECT_VERSION = 1;
				DEVELOPMENT_ASSET_PATHS = "\"PARADo/Preview Content\"";
				DEVELOPMENT_TEAM = 3LL78QD9R4;
				ENABLE_PREVIEWS = YES;
				GENERATE_INFOPLIST_FILE = YES;
				INFOPLIST_KEY_UIApplicationSceneManifest_Generation = YES;
				INFOPLIST_KEY_UIApplicationSupportsIndirectInputEvents = YES;
				INFOPLIST_KEY_UILaunchScreen_Generation = YES;
				INFOPLIST_KEY_UISupportedInterfaceOrientations_iPad = "UIInterfaceOrientationPortrait UIInterfaceOrientationPortraitUpsideDown UIInterfaceOrientationLandscapeLeft UIInterfaceOrientationLandscapeRight";
				INFOPLIST_KEY_UISupportedInterfaceOrientations_iPhone = "UIInterfaceOrientationPortrait UIInterfaceOrientationLandscapeLeft UIInterfaceOrientationLandscapeRight";
				LD_RUNPATH_SEARCH_PATHS = (
					"$(inherited)",
					"@executable_path/Frameworks",
				);
				MARKETING_VERSION = 1.0;
				PRODUCT_BUNDLE_IDENTIFIER = com.anthony.cifre.PARADo;
				PRODUCT_NAME = "$(TARGET_NAME)";
				SWIFT_EMIT_LOC_STRINGS = YES;
				SWIFT_VERSION = 5.0;
				TARGETED_DEVICE_FAMILY = "1,2";
			};
			name = Debug;
		};
		6C73EA4A2A34E68600AABFF9 /* Release */ = {
			isa = XCBuildConfiguration;
			buildSettings = {
				ASSETCATALOG_COMPILER_APPICON_NAME = AppIcon;
				ASSETCATALOG_COMPILER_GLOBAL_ACCENT_COLOR_NAME = AccentColor;
				CODE_SIGN_STYLE = Automatic;
				CURRENT_PROJECT_VERSION = 1;
				DEVELOPMENT_ASSET_PATHS = "\"PARADo/Preview Content\"";
				DEVELOPMENT_TEAM = 3LL78QD9R4;
				ENABLE_PREVIEWS = YES;
				GENERATE_INFOPLIST_FILE = YES;
				INFOPLIST_KEY_UIApplicationSceneManifest_Generation = YES;
				INFOPLIST_KEY_UIApplicationSupportsIndirectInputEvents = YES;
				INFOPLIST_KEY_UILaunchScreen_Generation = YES;
				INFOPLIST_KEY_UISupportedInterfaceOrientations_iPad = "UIInterfaceOrientationPortrait UIInterfaceOrientationPortraitUpsideDown UIInterfaceOrientationLandscapeLeft UIInterfaceOrientationLandscapeRight";
				INFOPLIST_KEY_UISupportedInterfaceOrientations_iPhone = "UIInterfaceOrientationPortrait UIInterfaceOrientationLandscapeLeft UIInterfaceOrientationLandscapeRight";
				LD_RUNPATH_SEARCH_PATHS = (
					"$(inherited)",
					"@executable_path/Frameworks",
				);
				MARKETING_VERSION = 1.0;
				PRODUCT_BUNDLE_IDENTIFIER = com.anthony.cifre.PARADo;
				PRODUCT_NAME = "$(TARGET_NAME)";
				SWIFT_EMIT_LOC_STRINGS = YES;
				SWIFT_VERSION = 5.0;
				TARGETED_DEVICE_FAMILY = "1,2";
			};
			name = Release;
		};
/* End XCBuildConfiguration section */

/* Begin XCConfigurationList section */
		6C73EA252A34E68500AABFF9 /* Build configuration list for PBXProject "PARADo" */ = {
			isa = XCConfigurationList;
			buildConfigurations = (
				6C73EA462A34E68600AABFF9 /* Debug */,
				6C73EA472A34E68600AABFF9 /* Release */,
			);
			defaultConfigurationIsVisible = 0;
			defaultConfigurationName = Release;
		};
		6C73EA482A34E68600AABFF9 /* Build configuration list for PBXNativeTarget "PARADo" */ = {
			isa = XCConfigurationList;
			buildConfigurations = (
				6C73EA492A34E68600AABFF9 /* Debug */,
				6C73EA4A2A34E68600AABFF9 /* Release */,
			);
			defaultConfigurationIsVisible = 0;
			defaultConfigurationName = Release;
		};
/* End XCConfigurationList section */
	};
	rootObject = 6C73EA222A34E68500AABFF9 /* Project object */;
}
